
Microsoft Visual Studio Solution File, Format Version 12.00
# Visual Studio 15
VisualStudioVersion = 15.0.26403.7
MinimumVisualStudioVersion = 10.0.40219.1
Project("{FAE04EC0-301F-11D3-BF4B-00C04F79EFBC}") = "FallDown.Models", "FallDown.Models\FallDown.Models.csproj", "{F27E6543-BDC6-434D-8E6C-62325D34B515}"
EndProject
Project("{FAE04EC0-301F-11D3-BF4B-00C04F79EFBC}") = "HiScoreWcfService", "..\HiScoreWcfService\HiScoreWcfService.csproj", "{CD707AD3-0889-4E0C-81E2-F7988C9DC221}"
EndProject
Global
	GlobalSection(SolutionConfigurationPlatforms) = preSolution
		Debug|Any CPU = Debug|Any CPU
		Release|Any CPU = Release|Any CPU
	EndGlobalSection
	GlobalSection(ProjectConfigurationPlatforms) = postSolution
		{F27E6543-BDC6-434D-8E6C-62325D34B515}.Debug|Any CPU.ActiveCfg = Debug|Any CPU
		{F27E6543-BDC6-434D-8E6C-62325D34B515}.Debug|Any CPU.Build.0 = Debug|Any CPU
		{F27E6543-BDC6-434D-8E6C-62325D34B515}.Release|Any CPU.ActiveCfg = Release|Any CPU
		{F27E6543-BDC6-434D-8E6C-62325D34B515}.Release|Any CPU.Build.0 = Release|Any CPU
		{CD707AD3-0889-4E0C-81E2-F7988C9DC221}.Debug|Any CPU.ActiveCfg = Debug|Any CPU
		{CD707AD3-0889-4E0C-81E2-F7988C9DC221}.Debug|Any CPU.Build.0 = Debug|Any CPU
		{CD707AD3-0889-4E0C-81E2-F7988C9DC221}.Release|Any CPU.ActiveCfg = Release|Any CPU
		{CD707AD3-0889-4E0C-81E2-F7988C9DC221}.Release|Any CPU.Build.0 = Release|Any CPU
	EndGlobalSection
	GlobalSection(SolutionProperties) = preSolution
		HideSolutionNode = FALSE
	EndGlobalSection
EndGlobal
